
Microsoft Visual Studio Solution File, Format Version 12.00
# Visual Studio Version 17
VisualStudioVersion = 17.5.33424.131
MinimumVisualStudioVersion = 10.0.40219.1
Project("{8BC9CEB8-8B4A-11D0-8D11-00A0C91BC942}") = "LAB3_CUDA", "LAB3_CUDA\LAB3_CUDA.vcxproj", "{7C609946-71F5-4905-95A9-943ADE5059B5}"
EndProject
Global
	GlobalSection(SolutionConfigurationPlatforms) = preSolution
		Debug|x64 = Debug|x64
		Release|x64 = Release|x64
	EndGlobalSection
	GlobalSection(ProjectConfigurationPlatforms) = postSolution
		{7C609946-71F5-4905-95A9-943ADE5059B5}.Debug|x64.ActiveCfg = Debug|x64
		{7C609946-71F5-4905-95A9-943ADE5059B5}.Debug|x64.Build.0 = Debug|x64
		{7C609946-71F5-4905-95A9-943ADE5059B5}.Release|x64.ActiveCfg = Release|x64
		{7C609946-71F5-4905-95A9-943ADE5059B5}.Release|x64.Build.0 = Release|x64
	EndGlobalSection
	GlobalSection(SolutionProperties) = preSolution
		HideSolutionNode = FALSE
	EndGlobalSection
	GlobalSection(ExtensibilityGlobals) = postSolution
		SolutionGuid = {A0F4F75A-C334-49CF-B1ED-4D1D8BDA35B6}
	EndGlobalSection
EndGlobal
